
Microsoft Visual Studio Solution File, Format Version 12.00
# Visual Studio Version 17
VisualStudioVersion = 17.9.34723.18
MinimumVisualStudioVersion = 10.0.40219.1
Project("{8BC9CEB8-8B4A-11D0-8D11-00A0C91BC942}") = "OpenGLCourseApp", "OpenGLCourseApp.vcxproj", "{8E32AB95-6B5D-4991-8C7D-BD5357C5396D}"
EndProject
Global
	GlobalSection(SolutionConfigurationPlatforms) = preSolution
		Debug|x64 = Debug|x64
		Debug|x86 = Debug|x86
		Release|x64 = Release|x64
		Release|x86 = Release|x86
	EndGlobalSection
	GlobalSection(ProjectConfigurationPlatforms) = postSolution
		{8E32AB95-6B5D-4991-8C7D-BD5357C5396D}.Debug|x64.ActiveCfg = Debug|x64
		{8E32AB95-6B5D-4991-8C7D-BD5357C5396D}.Debug|x64.Build.0 = Debug|x64
		{8E32AB95-6B5D-4991-8C7D-BD5357C5396D}.Debug|x86.ActiveCfg = Debug|Win32
		{8E32AB95-6B5D-4991-8C7D-BD5357C5396D}.Debug|x86.Build.0 = Debug|Win32
		{8E32AB95-6B5D-4991-8C7D-BD5357C5396D}.Release|x64.ActiveCfg = Release|x64
		{8E32AB95-6B5D-4991-8C7D-BD5357C5396D}.Release|x64.Build.0 = Release|x64
		{8E32AB95-6B5D-4991-8C7D-BD5357C5396D}.Release|x86.ActiveCfg = Release|Win32
		{8E32AB95-6B5D-4991-8C7D-BD5357C5396D}.Release|x86.Build.0 = Release|Win32
	EndGlobalSection
	GlobalSection(SolutionProperties) = preSolution
		HideSolutionNode = FALSE
	EndGlobalSection
	GlobalSection(ExtensibilityGlobals) = postSolution
		SolutionGuid = {2D69D02B-7DF8-4D90-B443-19B9F2BBCB62}
	EndGlobalSection
EndGlobal
